{
  "name": "dxf-parser-srv",
  "version": "1.0.0",
  "lockfileVersion": 2,
  "requires": true,
  "packages": {
    "": {
      "name": "dxf-parser-srv",
      "version": "1.0.0",
      "license": "ISC",
      "dependencies": {
        "dxf-parser": "^1.1.2",
        "starty": "^0.1.11"
      }
    },
    "node_modules/app-root-path": {
      "version": "3.1.0",
      "resolved": "https://registry.npmjs.org/app-root-path/-/app-root-path-3.1.0.tgz",
      "integrity": "sha512-biN3PwB2gUtjaYy/isrU3aNWI5w+fAfvHkSvCKeQGxhmYpwKFUxudR3Yya+KqVRHBmEDYh+/lTozYCFbmzX4nA==",
      "engines": {
        "node": ">= 6.0.0"
      }
    },
    "node_modules/argparse": {
      "version": "2.0.1",
      "resolved": "https://registry.npmjs.org/argparse/-/argparse-2.0.1.tgz",
      "integrity": "sha512-8+9WqebbFzpX9OR+Wa6O29asIogeRMzcGtAINdpMHHyAg10f05aSFVBbcEqGf/PXw1EjAZ+q2/bEBg3DvurK3Q=="
    },
    "node_modules/dxf-parser": {
      "version": "1.1.2",
      "resolved": "https://registry.npmjs.org/dxf-parser/-/dxf-parser-1.1.2.tgz",
      "integrity": "sha512-GPTumUvRkounlIazLIyJMmTWt+nlg+ksS0Hdm8jWvejmZKBTz6gvHTam76wRm4PQMma5sgKLThblQyeIJcH79Q==",
      "dependencies": {
        "loglevel": "^1.7.1"
      }
    },
    "node_modules/js-yaml": {
      "version": "4.1.0",
      "resolved": "https://registry.npmjs.org/js-yaml/-/js-yaml-4.1.0.tgz",
      "integrity": "sha512-wpxZs9NoxZaJESJGIZTyDEaYpl0FKSA+FB9aJiyemKhMwkxQg63h4T1KJgUGHpTqPDNRcmmYLugrRjJlBtWvRA==",
      "dependencies": {
        "argparse": "^2.0.1"
      },
      "bin": {
        "js-yaml": "bin/js-yaml.js"
      }
    },
    "node_modules/loglevel": {
      "version": "1.8.1",
      "resolved": "https://registry.npmjs.org/loglevel/-/loglevel-1.8.1.tgz",
      "integrity": "sha512-tCRIJM51SHjAayKwC+QAg8hT8vg6z7GSgLJKGvzuPb1Wc+hLzqtuVLxp6/HzSPOozuK+8ErAhy7U/sVzw8Dgfg==",
      "engines": {
        "node": ">= 0.6.0"
      },
      "funding": {
        "type": "tidelift",
        "url": "https://tidelift.com/funding/github/npm/loglevel"
      }
    },
    "node_modules/starty": {
      "version": "0.1.11",
      "resolved": "https://registry.npmjs.org/starty/-/starty-0.1.11.tgz",
      "integrity": "sha512-U3sDQF5x9KNYZkCgNSoPL8zeSCSiSSqelEiJwex5599mc4nKbGL1YiTUuG25+/aTd6aI1PzWyaaOiyWBN7aw7w==",
      "dependencies": {
        "app-root-path": "^3.0.0",
        "js-yaml": "^4.1.0"
      }
    }
  },
  "dependencies": {
    "app-root-path": {
      "version": "3.1.0",
      "resolved": "https://registry.npmjs.org/app-root-path/-/app-root-path-3.1.0.tgz",
      "integrity": "sha512-biN3PwB2gUtjaYy/isrU3aNWI5w+fAfvHkSvCKeQGxhmYpwKFUxudR3Yya+KqVRHBmEDYh+/lTozYCFbmzX4nA=="
    },
    "argparse": {
      "version": "2.0.1",
      "resolved": "https://registry.npmjs.org/argparse/-/argparse-2.0.1.tgz",
      "integrity": "sha512-8+9WqebbFzpX9OR+Wa6O29asIogeRMzcGtAINdpMHHyAg10f05aSFVBbcEqGf/PXw1EjAZ+q2/bEBg3DvurK3Q=="
    },
    "dxf-parser": {
      "version": "1.1.2",
      "resolved": "https://registry.npmjs.org/dxf-parser/-/dxf-parser-1.1.2.tgz",
      "integrity": "sha512-GPTumUvRkounlIazLIyJMmTWt+nlg+ksS0Hdm8jWvejmZKBTz6gvHTam76wRm4PQMma5sgKLThblQyeIJcH79Q==",
      "requires": {
        "loglevel": "^1.7.1"
      }
    },
    "js-yaml": {
      "version": "4.1.0",
      "resolved": "https://registry.npmjs.org/js-yaml/-/js-yaml-4.1.0.tgz",
      "integrity": "sha512-wpxZs9NoxZaJESJGIZTyDEaYpl0FKSA+FB9aJiyemKhMwkxQg63h4T1KJgUGHpTqPDNRcmmYLugrRjJlBtWvRA==",
      "requires": {
        "argparse": "^2.0.1"
      }
    },
    "loglevel": {
      "version": "1.8.1",
      "resolved": "https://registry.npmjs.org/loglevel/-/loglevel-1.8.1.tgz",
      "integrity": "sha512-tCRIJM51SHjAayKwC+QAg8hT8vg6z7GSgLJKGvzuPb1Wc+hLzqtuVLxp6/HzSPOozuK+8ErAhy7U/sVzw8Dgfg=="
    },
    "starty": {
      "version": "0.1.11",
      "resolved": "https://registry.npmjs.org/starty/-/starty-0.1.11.tgz",
      "integrity": "sha512-U3sDQF5x9KNYZkCgNSoPL8zeSCSiSSqelEiJwex5599mc4nKbGL1YiTUuG25+/aTd6aI1PzWyaaOiyWBN7aw7w==",
      "requires": {
        "app-root-path": "^3.0.0",
        "js-yaml": "^4.1.0"
      }
    }
  }
}
